
Microsoft Visual Studio Solution File, Format Version 12.00
# Visual Studio Version 17
VisualStudioVersion = 17.3.32922.545
MinimumVisualStudioVersion = 10.0.40219.1
Project("{9A19103F-16F7-4668-BE54-9A1E7A4F7556}") = "MascotaFeliz.App.Frontend", "MascotaFeliz.App.Frontend.csproj", "{2EA97E13-FFA7-42EA-A236-F921F4DAD3A5}"
EndProject
Global
	GlobalSection(SolutionConfigurationPlatforms) = preSolution
		Debug|Any CPU = Debug|Any CPU
		Release|Any CPU = Release|Any CPU
	EndGlobalSection
	GlobalSection(ProjectConfigurationPlatforms) = postSolution
		{2EA97E13-FFA7-42EA-A236-F921F4DAD3A5}.Debug|Any CPU.ActiveCfg = Debug|Any CPU
		{2EA97E13-FFA7-42EA-A236-F921F4DAD3A5}.Debug|Any CPU.Build.0 = Debug|Any CPU
		{2EA97E13-FFA7-42EA-A236-F921F4DAD3A5}.Release|Any CPU.ActiveCfg = Release|Any CPU
		{2EA97E13-FFA7-42EA-A236-F921F4DAD3A5}.Release|Any CPU.Build.0 = Release|Any CPU
	EndGlobalSection
	GlobalSection(SolutionProperties) = preSolution
		HideSolutionNode = FALSE
	EndGlobalSection
	GlobalSection(ExtensibilityGlobals) = postSolution
		SolutionGuid = {EAC73C71-C131-4495-AF5C-547D497170EC}
	EndGlobalSection
EndGlobal
